// !$*UTF8*$!
{
	archiveVersion = 1;
	classes = {
	};
	objectVersion = 77;
	objects = {

/* Begin PBXBuildFile section */
		000752ED12292F14994879A2 /* PublishAdapterTests.swift in Sources */ = {isa = PBXBuildFile; fileRef = 7C17AC0EED64016BE38C75FA /* PublishAdapterTests.swift */; };
		07A6EFC0782DBD5BE5AEA59D /* PublishAdapters.swift in Sources */ = {isa = PBXBuildFile; fileRef = 6C02837C3B47F64BE2014347 /* PublishAdapters.swift */; };
		10A0B21FAC76D1B00C2AE8B6 /* physicsapex.png in Resources */ = {isa = PBXBuildFile; fileRef = E3AB402E32C744C8E13285CD /* physicsapex.png */; };
		16AF2481F3F44D639AD03A1F /* Theme.swift in Sources */ = {isa = PBXBuildFile; fileRef = 5EFE5B3DAE7060C98160CDB4 /* Theme.swift */; };
		261F88DE36C54C380F22BBAF /* EntitlementStore.swift in Sources */ = {isa = PBXBuildFile; fileRef = DFBA720F93043778E409EC02 /* EntitlementStore.swift */; };
		2C1345A191E2492DA7EE04AB /* ContentGenerator.swift in Sources */ = {isa = PBXBuildFile; fileRef = 8D90AE9346FF6B98FC8D52E4 /* ContentGenerator.swift */; };
		33779C07F515C43BB013AE85 /* PrivacyInfo.xcprivacy in Resources */ = {isa = PBXBuildFile; fileRef = 30F70CC85B327982E590A8EB /* PrivacyInfo.xcprivacy */; };
		35D4EB008BEAA5A945066C04 /* ContentTests.swift in Sources */ = {isa = PBXBuildFile; fileRef = C9CD734E7EEE4161C70E0A85 /* ContentTests.swift */; };
		3D5CC9D19E63397CBF6F28A8 /* polapex.png in Resources */ = {isa = PBXBuildFile; fileRef = 7F1F01C58B035D9E343CFFD1 /* polapex.png */; };
		44D3C80FCDADA3550E84824B /* ProductCatalog.swift in Sources */ = {isa = PBXBuildFile; fileRef = FF8428C46D1733573E95B8E3 /* ProductCatalog.swift */; };
		56F45808A802388726B10289 /* chinapex.png in Resources */ = {isa = PBXBuildFile; fileRef = 67029966999F43752160AF3C /* chinapex.png */; };
		59D0AC43E587555E818F1496 /* engapex.png in Resources */ = {isa = PBXBuildFile; fileRef = 7D32C99538B358E52C997582 /* engapex.png */; };
		59F9D062C2FEA84C67869A88 /* MoreView.swift in Sources */ = {isa = PBXBuildFile; fileRef = F36D401FD3E82D8DFF7ED81A /* MoreView.swift */; };
		6E2D442EDB3539884EE16C1F /* mathapex.png in Resources */ = {isa = PBXBuildFile; fileRef = B928CBF6A8BBD34C0460B5FD /* mathapex.png */; };
		7902761281A4E46162AB79B5 /* ProjectDetailView.swift in Sources */ = {isa = PBXBuildFile; fileRef = 0B95A1A0D48C7BEA5C697461 /* ProjectDetailView.swift */; };
		7FAACE97D9530D521AD6D012 /* chemapex.png in Resources */ = {isa = PBXBuildFile; fileRef = 35321E98E1F20070A26C6BAF /* chemapex.png */; };
		7FDC92C6B17E8179D479E93B /* ApexPromoterApp.swift in Sources */ = {isa = PBXBuildFile; fileRef = 72A8EAFE69F69D2F1794F6D0 /* ApexPromoterApp.swift */; };
		81E71B948ABA7B9F5802D783 /* bioapex.png in Resources */ = {isa = PBXBuildFile; fileRef = BA8771641DE0D8B12A47C3E2 /* bioapex.png */; };
		8361F1EACE3BCD9C24C98441 /* ApexPromoter.storekit in Resources */ = {isa = PBXBuildFile; fileRef = 653D0E37869B2A7E1D8E2FC3 /* ApexPromoter.storekit */; };
		8592766F6FDF1D3603F0B5CE /* Assets.xcassets in Resources */ = {isa = PBXBuildFile; fileRef = CE8D632359E0CEC642C1FB2E /* Assets.xcassets */; };
		898F217D89CEE084825EB4DB /* ProjectsView.swift in Sources */ = {isa = PBXBuildFile; fileRef = FAD9DA9E80165419CD9EF133 /* ProjectsView.swift */; };
		8F19B8D867E70F0B008CBAC7 /* SlideshowVideoRenderer.swift in Sources */ = {isa = PBXBuildFile; fileRef = B7B5D11CDDCDD0C7373409A2 /* SlideshowVideoRenderer.swift */; };
		98E583C771F6D1CF1D566869 /* HelpView.swift in Sources */ = {isa = PBXBuildFile; fileRef = D4BE4AD18A9F050DB7238FF9 /* HelpView.swift */; };
		98F890066835002324137BF4 /* ApexPortfolioBootstrap.swift in Sources */ = {isa = PBXBuildFile; fileRef = F9729C34191C743EFCC9E99F /* ApexPortfolioBootstrap.swift */; };
		9CED2A08AF7461782091FAC3 /* WebsiteTextCleanerTests.swift in Sources */ = {isa = PBXBuildFile; fileRef = 817B13CB8789ADFDF8B44878 /* WebsiteTextCleanerTests.swift */; };
		B100FCF717C49FAC51DCEC73 /* products.json in Resources */ = {isa = PBXBuildFile; fileRef = C71C7410CE798403930E9317 /* products.json */; };
		B4C1B3FBDDB52E9164BAE728 /* PaywallView.swift in Sources */ = {isa = PBXBuildFile; fileRef = FD56C2187B8D41AADFEC1607 /* PaywallView.swift */; };
		B6CFE9187355C0B40973618D /* histapex.png in Resources */ = {isa = PBXBuildFile; fileRef = 2EEA2EE603AD16C672E3DC48 /* histapex.png */; };
		C08438A0D130172BEAF94FF9 /* BrandCenterView.swift in Sources */ = {isa = PBXBuildFile; fileRef = 8209FF1F2E8C3587F64EC9F2 /* BrandCenterView.swift */; };
		CE9CE7A1FCAE93F6F85A663D /* RootView.swift in Sources */ = {isa = PBXBuildFile; fileRef = AB8F8C8E07B2D1BA5F30EC33 /* RootView.swift */; };
		D83EC16FFEDD132984DF4CF2 /* ApexPromoterUITests.swift in Sources */ = {isa = PBXBuildFile; fileRef = 2FD6E50A8D198FC527ACCEDB /* ApexPromoterUITests.swift */; };
		E3D4EA457787132C9F9D21EF /* ContentValidator.swift in Sources */ = {isa = PBXBuildFile; fileRef = 5465F8DF136D2A7FDCA0D0F7 /* ContentValidator.swift */; };
		F1CAF8DF1DBBCDF958AC9ED3 /* Models.swift in Sources */ = {isa = PBXBuildFile; fileRef = ACA774D01FA554386D43EBBA /* Models.swift */; };
		F5B48DD455E8FB22EB9216E0 /* ApexPortfolioWorkflowTests.swift in Sources */ = {isa = PBXBuildFile; fileRef = A0BE6C0370264DB1343D1AF6 /* ApexPortfolioWorkflowTests.swift */; };
		FBBCC57ED04CE34A42959292 /* geogapex.png in Resources */ = {isa = PBXBuildFile; fileRef = BF99924F8C9AA7293EA419A5 /* geogapex.png */; };
/* End PBXBuildFile section */

/* Begin PBXContainerItemProxy section */
		AF7539703293CA6D5DE94065 /* PBXContainerItemProxy */ = {
			isa = PBXContainerItemProxy;
			containerPortal = 85455BFD4811D8E3D79673E0 /* Project object */;
			proxyType = 1;
			remoteGlobalIDString = 9331BB0492B401CDC8210612;
			remoteInfo = ApexPromoter;
		};
		E0ABEBE986BA994658442132 /* PBXContainerItemProxy */ = {
			isa = PBXContainerItemProxy;
			containerPortal = 85455BFD4811D8E3D79673E0 /* Project object */;
			proxyType = 1;
			remoteGlobalIDString = 9331BB0492B401CDC8210612;
			remoteInfo = ApexPromoter;
		};
/* End PBXContainerItemProxy section */

/* Begin PBXFileReference section */
		0B95A1A0D48C7BEA5C697461 /* ProjectDetailView.swift */ = {isa = PBXFileReference; lastKnownFileType = sourcecode.swift; path = ProjectDetailView.swift; sourceTree = "<group>"; };
		2EEA2EE603AD16C672E3DC48 /* histapex.png */ = {isa = PBXFileReference; lastKnownFileType = image.png; path = histapex.png; sourceTree = "<group>"; };
		2FD6E50A8D198FC527ACCEDB /* ApexPromoterUITests.swift */ = {isa = PBXFileReference; lastKnownFileType = sourcecode.swift; path = ApexPromoterUITests.swift; sourceTree = "<group>"; };
		30F70CC85B327982E590A8EB /* PrivacyInfo.xcprivacy */ = {isa = PBXFileReference; path = PrivacyInfo.xcprivacy; sourceTree = "<group>"; };
		35321E98E1F20070A26C6BAF /* chemapex.png */ = {isa = PBXFileReference; lastKnownFileType = image.png; path = chemapex.png; sourceTree = "<group>"; };
		5465F8DF136D2A7FDCA0D0F7 /* ContentValidator.swift */ = {isa = PBXFileReference; lastKnownFileType = sourcecode.swift; path = ContentValidator.swift; sourceTree = "<group>"; };
		5EFE5B3DAE7060C98160CDB4 /* Theme.swift */ = {isa = PBXFileReference; lastKnownFileType = sourcecode.swift; path = Theme.swift; sourceTree = "<group>"; };
		653D0E37869B2A7E1D8E2FC3 /* ApexPromoter.storekit */ = {isa = PBXFileReference; path = ApexPromoter.storekit; sourceTree = "<group>"; };
		67029966999F43752160AF3C /* chinapex.png */ = {isa = PBXFileReference; lastKnownFileType = image.png; path = chinapex.png; sourceTree = "<group>"; };
		6C02837C3B47F64BE2014347 /* PublishAdapters.swift */ = {isa = PBXFileReference; lastKnownFileType = sourcecode.swift; path = PublishAdapters.swift; sourceTree = "<group>"; };
		72A8EAFE69F69D2F1794F6D0 /* ApexPromoterApp.swift */ = {isa = PBXFileReference; lastKnownFileType = sourcecode.swift; path = ApexPromoterApp.swift; sourceTree = "<group>"; };
		7C17AC0EED64016BE38C75FA /* PublishAdapterTests.swift */ = {isa = PBXFileReference; lastKnownFileType = sourcecode.swift; path = PublishAdapterTests.swift; sourceTree = "<group>"; };
		7CAEA3362D030E13738D9347 /* ApexPromoterTests.xctest */ = {isa = PBXFileReference; includeInIndex = 0; lastKnownFileType = wrapper.cfbundle; path = ApexPromoterTests.xctest; sourceTree = BUILT_PRODUCTS_DIR; };
		7D32C99538B358E52C997582 /* engapex.png */ = {isa = PBXFileReference; lastKnownFileType = image.png; path = engapex.png; sourceTree = "<group>"; };
		7F1F01C58B035D9E343CFFD1 /* polapex.png */ = {isa = PBXFileReference; lastKnownFileType = image.png; path = polapex.png; sourceTree = "<group>"; };
		817B13CB8789ADFDF8B44878 /* WebsiteTextCleanerTests.swift */ = {isa = PBXFileReference; lastKnownFileType = sourcecode.swift; path = WebsiteTextCleanerTests.swift; sourceTree = "<group>"; };
		8209FF1F2E8C3587F64EC9F2 /* BrandCenterView.swift */ = {isa = PBXFileReference; lastKnownFileType = sourcecode.swift; path = BrandCenterView.swift; sourceTree = "<group>"; };
		8D90AE9346FF6B98FC8D52E4 /* ContentGenerator.swift */ = {isa = PBXFileReference; lastKnownFileType = sourcecode.swift; path = ContentGenerator.swift; sourceTree = "<group>"; };
		9334A40AA1A414D4315A5338 /* ApexPromoterUITests.xctest */ = {isa = PBXFileReference; includeInIndex = 0; lastKnownFileType = wrapper.cfbundle; path = ApexPromoterUITests.xctest; sourceTree = BUILT_PRODUCTS_DIR; };
		A0BE6C0370264DB1343D1AF6 /* ApexPortfolioWorkflowTests.swift */ = {isa = PBXFileReference; lastKnownFileType = sourcecode.swift; path = ApexPortfolioWorkflowTests.swift; sourceTree = "<group>"; };
		AA355050CF2F66B6628266FF /* Info.plist */ = {isa = PBXFileReference; lastKnownFileType = text.plist; path = Info.plist; sourceTree = "<group>"; };
		AB8F8C8E07B2D1BA5F30EC33 /* RootView.swift */ = {isa = PBXFileReference; lastKnownFileType = sourcecode.swift; path = RootView.swift; sourceTree = "<group>"; };
		ACA774D01FA554386D43EBBA /* Models.swift */ = {isa = PBXFileReference; lastKnownFileType = sourcecode.swift; path = Models.swift; sourceTree = "<group>"; };
		B7B5D11CDDCDD0C7373409A2 /* SlideshowVideoRenderer.swift */ = {isa = PBXFileReference; lastKnownFileType = sourcecode.swift; path = SlideshowVideoRenderer.swift; sourceTree = "<group>"; };
		B928CBF6A8BBD34C0460B5FD /* mathapex.png */ = {isa = PBXFileReference; lastKnownFileType = image.png; path = mathapex.png; sourceTree = "<group>"; };
		BA8771641DE0D8B12A47C3E2 /* bioapex.png */ = {isa = PBXFileReference; lastKnownFileType = image.png; path = bioapex.png; sourceTree = "<group>"; };
		BF99924F8C9AA7293EA419A5 /* geogapex.png */ = {isa = PBXFileReference; lastKnownFileType = image.png; path = geogapex.png; sourceTree = "<group>"; };
		C489D8117C9BFDD47B846984 /* ApexPromoter.app */ = {isa = PBXFileReference; includeInIndex = 0; lastKnownFileType = wrapper.application; path = ApexPromoter.app; sourceTree = BUILT_PRODUCTS_DIR; };
		C71C7410CE798403930E9317 /* products.json */ = {isa = PBXFileReference; lastKnownFileType = text.json; path = products.json; sourceTree = "<group>"; };
		C9CD734E7EEE4161C70E0A85 /* ContentTests.swift */ = {isa = PBXFileReference; lastKnownFileType = sourcecode.swift; path = ContentTests.swift; sourceTree = "<group>"; };
		CE8D632359E0CEC642C1FB2E /* Assets.xcassets */ = {isa = PBXFileReference; lastKnownFileType = folder.assetcatalog; path = Assets.xcassets; sourceTree = "<group>"; };
		D4BE4AD18A9F050DB7238FF9 /* HelpView.swift */ = {isa = PBXFileReference; lastKnownFileType = sourcecode.swift; path = HelpView.swift; sourceTree = "<group>"; };
		DFBA720F93043778E409EC02 /* EntitlementStore.swift */ = {isa = PBXFileReference; lastKnownFileType = sourcecode.swift; path = EntitlementStore.swift; sourceTree = "<group>"; };
		E3AB402E32C744C8E13285CD /* physicsapex.png */ = {isa = PBXFileReference; lastKnownFileType = image.png; path = physicsapex.png; sourceTree = "<group>"; };
		F36D401FD3E82D8DFF7ED81A /* MoreView.swift */ = {isa = PBXFileReference; lastKnownFileType = sourcecode.swift; path = MoreView.swift; sourceTree = "<group>"; };
		F9729C34191C743EFCC9E99F /* ApexPortfolioBootstrap.swift */ = {isa = PBXFileReference; lastKnownFileType = sourcecode.swift; path = ApexPortfolioBootstrap.swift; sourceTree = "<group>"; };
		FAD9DA9E80165419CD9EF133 /* ProjectsView.swift */ = {isa = PBXFileReference; lastKnownFileType = sourcecode.swift; path = ProjectsView.swift; sourceTree = "<group>"; };
		FD56C2187B8D41AADFEC1607 /* PaywallView.swift */ = {isa = PBXFileReference; lastKnownFileType = sourcecode.swift; path = PaywallView.swift; sourceTree = "<group>"; };
		FF8428C46D1733573E95B8E3 /* ProductCatalog.swift */ = {isa = PBXFileReference; lastKnownFileType = sourcecode.swift; path = ProductCatalog.swift; sourceTree = "<group>"; };
/* End PBXFileReference section */

/* Begin PBXGroup section */
		1BD5A6AE364206CAE478C549 /* Products */ = {
			isa = PBXGroup;
			children = (
				C489D8117C9BFDD47B846984 /* ApexPromoter.app */,
				7CAEA3362D030E13738D9347 /* ApexPromoterTests.xctest */,
				9334A40AA1A414D4315A5338 /* ApexPromoterUITests.xctest */,
			);
			name = Products;
			sourceTree = "<group>";
		};
		1EA4E605607B53246FDDBD11 /* Views */ = {
			isa = PBXGroup;
			children = (
				8209FF1F2E8C3587F64EC9F2 /* BrandCenterView.swift */,
				D4BE4AD18A9F050DB7238FF9 /* HelpView.swift */,
				F36D401FD3E82D8DFF7ED81A /* MoreView.swift */,
				FD56C2187B8D41AADFEC1607 /* PaywallView.swift */,
				0B95A1A0D48C7BEA5C697461 /* ProjectDetailView.swift */,
				FAD9DA9E80165419CD9EF133 /* ProjectsView.swift */,
				AB8F8C8E07B2D1BA5F30EC33 /* RootView.swift */,
			);
			path = Views;
			sourceTree = "<group>";
		};
		303DBFD7E745A8C56E52758D = {
			isa = PBXGroup;
			children = (
				AFD3C5B051321A1D5E305A85 /* ApexPromoter */,
				7F4104B906CB03453165F3C2 /* ApexPromoterTests */,
				E1A45CE6C6F48FC3E0877691 /* ApexPromoterUITests */,
				1BD5A6AE364206CAE478C549 /* Products */,
			);
			sourceTree = "<group>";
		};
		7F4104B906CB03453165F3C2 /* ApexPromoterTests */ = {
			isa = PBXGroup;
			children = (
				A0BE6C0370264DB1343D1AF6 /* ApexPortfolioWorkflowTests.swift */,
				C9CD734E7EEE4161C70E0A85 /* ContentTests.swift */,
				7C17AC0EED64016BE38C75FA /* PublishAdapterTests.swift */,
				817B13CB8789ADFDF8B44878 /* WebsiteTextCleanerTests.swift */,
			);
			path = ApexPromoterTests;
			sourceTree = "<group>";
		};
		8F197C87554BD2674669D893 /* Models */ = {
			isa = PBXGroup;
			children = (
				ACA774D01FA554386D43EBBA /* Models.swift */,
			);
			path = Models;
			sourceTree = "<group>";
		};
		97DA2EB7EE1EC6267EA1DD49 /* ProductIcons */ = {
			isa = PBXGroup;
			children = (
				BA8771641DE0D8B12A47C3E2 /* bioapex.png */,
				35321E98E1F20070A26C6BAF /* chemapex.png */,
				67029966999F43752160AF3C /* chinapex.png */,
				7D32C99538B358E52C997582 /* engapex.png */,
				BF99924F8C9AA7293EA419A5 /* geogapex.png */,
				2EEA2EE603AD16C672E3DC48 /* histapex.png */,
				B928CBF6A8BBD34C0460B5FD /* mathapex.png */,
				E3AB402E32C744C8E13285CD /* physicsapex.png */,
				7F1F01C58B035D9E343CFFD1 /* polapex.png */,
			);
			path = ProductIcons;
			sourceTree = "<group>";
		};
		9B4F07A2196C5171B1B1CB59 /* Theme */ = {
			isa = PBXGroup;
			children = (
				5EFE5B3DAE7060C98160CDB4 /* Theme.swift */,
			);
			path = Theme;
			sourceTree = "<group>";
		};
		AFD3C5B051321A1D5E305A85 /* ApexPromoter */ = {
			isa = PBXGroup;
			children = (
				653D0E37869B2A7E1D8E2FC3 /* ApexPromoter.storekit */,
				72A8EAFE69F69D2F1794F6D0 /* ApexPromoterApp.swift */,
				AA355050CF2F66B6628266FF /* Info.plist */,
				30F70CC85B327982E590A8EB /* PrivacyInfo.xcprivacy */,
				8F197C87554BD2674669D893 /* Models */,
				C89168B72BFDFAEE48CF3BB8 /* Resources */,
				C4A5C821AA5EFBDC338FD563 /* Services */,
				9B4F07A2196C5171B1B1CB59 /* Theme */,
				1EA4E605607B53246FDDBD11 /* Views */,
			);
			path = ApexPromoter;
			sourceTree = "<group>";
		};
		C4A5C821AA5EFBDC338FD563 /* Services */ = {
			isa = PBXGroup;
			children = (
				F9729C34191C743EFCC9E99F /* ApexPortfolioBootstrap.swift */,
				8D90AE9346FF6B98FC8D52E4 /* ContentGenerator.swift */,
				5465F8DF136D2A7FDCA0D0F7 /* ContentValidator.swift */,
				DFBA720F93043778E409EC02 /* EntitlementStore.swift */,
				FF8428C46D1733573E95B8E3 /* ProductCatalog.swift */,
				6C02837C3B47F64BE2014347 /* PublishAdapters.swift */,
				B7B5D11CDDCDD0C7373409A2 /* SlideshowVideoRenderer.swift */,
			);
			path = Services;
			sourceTree = "<group>";
		};
		C89168B72BFDFAEE48CF3BB8 /* Resources */ = {
			isa = PBXGroup;
			children = (
				CE8D632359E0CEC642C1FB2E /* Assets.xcassets */,
				C71C7410CE798403930E9317 /* products.json */,
				97DA2EB7EE1EC6267EA1DD49 /* ProductIcons */,
			);
			path = Resources;
			sourceTree = "<group>";
		};
		E1A45CE6C6F48FC3E0877691 /* ApexPromoterUITests */ = {
			isa = PBXGroup;
			children = (
				2FD6E50A8D198FC527ACCEDB /* ApexPromoterUITests.swift */,
			);
			path = ApexPromoterUITests;
			sourceTree = "<group>";
		};
/* End PBXGroup section */

/* Begin PBXNativeTarget section */
		7A2CE4ACE784923A3755BD12 /* ApexPromoterUITests */ = {
			isa = PBXNativeTarget;
			buildConfigurationList = D57CCB68402CAA5BD400CDC6 /* Build configuration list for PBXNativeTarget "ApexPromoterUITests" */;
			buildPhases = (
				98032A1CA443E38CAB183AA9 /* Sources */,
			);
			buildRules = (
			);
			dependencies = (
				BD7D127E030DE9397BDDE704 /* PBXTargetDependency */,
			);
			name = ApexPromoterUITests;
			packageProductDependencies = (
			);
			productName = ApexPromoterUITests;
			productReference = 9334A40AA1A414D4315A5338 /* ApexPromoterUITests.xctest */;
			productType = "com.apple.product-type.bundle.ui-testing";
		};
		9331BB0492B401CDC8210612 /* ApexPromoter */ = {
			isa = PBXNativeTarget;
			buildConfigurationList = 4C034478AE7A16FEBE0D99B6 /* Build configuration list for PBXNativeTarget "ApexPromoter" */;
			buildPhases = (
				BC836C6442C7C690DF7027FF /* Sources */,
				0D38C83248DF8126F378EA01 /* Resources */,
			);
			buildRules = (
			);
			dependencies = (
			);
			name = ApexPromoter;
			packageProductDependencies = (
			);
			productName = ApexPromoter;
			productReference = C489D8117C9BFDD47B846984 /* ApexPromoter.app */;
			productType = "com.apple.product-type.application";
		};
		E8F4DD2404599F3C69958F0D /* ApexPromoterTests */ = {
			isa = PBXNativeTarget;
			buildConfigurationList = A814827E2086A83AC604FA31 /* Build configuration list for PBXNativeTarget "ApexPromoterTests" */;
			buildPhases = (
				9ACC66B8BC6147D2703D6386 /* Sources */,
			);
			buildRules = (
			);
			dependencies = (
				A0373CC7023F31ECC5C4177C /* PBXTargetDependency */,
			);
			name = ApexPromoterTests;
			packageProductDependencies = (
			);
			productName = ApexPromoterTests;
			productReference = 7CAEA3362D030E13738D9347 /* ApexPromoterTests.xctest */;
			productType = "com.apple.product-type.bundle.unit-test";
		};
/* End PBXNativeTarget section */

/* Begin PBXProject section */
		85455BFD4811D8E3D79673E0 /* Project object */ = {
			isa = PBXProject;
			attributes = {
				BuildIndependentTargetsInParallel = YES;
				LastUpgradeCheck = 1430;
				TargetAttributes = {
					7A2CE4ACE784923A3755BD12 = {
						TestTargetID = 9331BB0492B401CDC8210612;
					};
					9331BB0492B401CDC8210612 = {
						DevelopmentTeam = Z7F8BY55DS;
					};
				};
			};
			buildConfigurationList = F61347A5C14FB01F47C5AA2F /* Build configuration list for PBXProject "ApexPromoter" */;
			developmentRegion = en;
			hasScannedForEncodings = 0;
			knownRegions = (
				Base,
				en,
			);
			mainGroup = 303DBFD7E745A8C56E52758D;
			minimizedProjectReferenceProxies = 1;
			preferredProjectObjectVersion = 77;
			productRefGroup = 1BD5A6AE364206CAE478C549 /* Products */;
			projectDirPath = "";
			projectRoot = "";
			targets = (
				9331BB0492B401CDC8210612 /* ApexPromoter */,
				E8F4DD2404599F3C69958F0D /* ApexPromoterTests */,
				7A2CE4ACE784923A3755BD12 /* ApexPromoterUITests */,
			);
		};
/* End PBXProject section */

/* Begin PBXResourcesBuildPhase section */
		0D38C83248DF8126F378EA01 /* Resources */ = {
			isa = PBXResourcesBuildPhase;
			buildActionMask = 2147483647;
			files = (
				8361F1EACE3BCD9C24C98441 /* ApexPromoter.storekit in Resources */,
				8592766F6FDF1D3603F0B5CE /* Assets.xcassets in Resources */,
				33779C07F515C43BB013AE85 /* PrivacyInfo.xcprivacy in Resources */,
				81E71B948ABA7B9F5802D783 /* bioapex.png in Resources */,
				7FAACE97D9530D521AD6D012 /* chemapex.png in Resources */,
				56F45808A802388726B10289 /* chinapex.png in Resources */,
				59D0AC43E587555E818F1496 /* engapex.png in Resources */,
				FBBCC57ED04CE34A42959292 /* geogapex.png in Resources */,
				B6CFE9187355C0B40973618D /* histapex.png in Resources */,
				6E2D442EDB3539884EE16C1F /* mathapex.png in Resources */,
				10A0B21FAC76D1B00C2AE8B6 /* physicsapex.png in Resources */,
				3D5CC9D19E63397CBF6F28A8 /* polapex.png in Resources */,
				B100FCF717C49FAC51DCEC73 /* products.json in Resources */,
			);
			runOnlyForDeploymentPostprocessing = 0;
		};
/* End PBXResourcesBuildPhase section */

/* Begin PBXSourcesBuildPhase section */
		98032A1CA443E38CAB183AA9 /* Sources */ = {
			isa = PBXSourcesBuildPhase;
			buildActionMask = 2147483647;
			files = (
				D83EC16FFEDD132984DF4CF2 /* ApexPromoterUITests.swift in Sources */,
			);
			runOnlyForDeploymentPostprocessing = 0;
		};
		9ACC66B8BC6147D2703D6386 /* Sources */ = {
			isa = PBXSourcesBuildPhase;
			buildActionMask = 2147483647;
			files = (
				F5B48DD455E8FB22EB9216E0 /* ApexPortfolioWorkflowTests.swift in Sources */,
				35D4EB008BEAA5A945066C04 /* ContentTests.swift in Sources */,
				000752ED12292F14994879A2 /* PublishAdapterTests.swift in Sources */,
				9CED2A08AF7461782091FAC3 /* WebsiteTextCleanerTests.swift in Sources */,
			);
			runOnlyForDeploymentPostprocessing = 0;
		};
		BC836C6442C7C690DF7027FF /* Sources */ = {
			isa = PBXSourcesBuildPhase;
			buildActionMask = 2147483647;
			files = (
				98F890066835002324137BF4 /* ApexPortfolioBootstrap.swift in Sources */,
				7FDC92C6B17E8179D479E93B /* ApexPromoterApp.swift in Sources */,
				C08438A0D130172BEAF94FF9 /* BrandCenterView.swift in Sources */,
				2C1345A191E2492DA7EE04AB /* ContentGenerator.swift in Sources */,
				E3D4EA457787132C9F9D21EF /* ContentValidator.swift in Sources */,
				261F88DE36C54C380F22BBAF /* EntitlementStore.swift in Sources */,
				98E583C771F6D1CF1D566869 /* HelpView.swift in Sources */,
				F1CAF8DF1DBBCDF958AC9ED3 /* Models.swift in Sources */,
				59F9D062C2FEA84C67869A88 /* MoreView.swift in Sources */,
				B4C1B3FBDDB52E9164BAE728 /* PaywallView.swift in Sources */,
				44D3C80FCDADA3550E84824B /* ProductCatalog.swift in Sources */,
				7902761281A4E46162AB79B5 /* ProjectDetailView.swift in Sources */,
				898F217D89CEE084825EB4DB /* ProjectsView.swift in Sources */,
				07A6EFC0782DBD5BE5AEA59D /* PublishAdapters.swift in Sources */,
				CE9CE7A1FCAE93F6F85A663D /* RootView.swift in Sources */,
				8F19B8D867E70F0B008CBAC7 /* SlideshowVideoRenderer.swift in Sources */,
				16AF2481F3F44D639AD03A1F /* Theme.swift in Sources */,
			);
			runOnlyForDeploymentPostprocessing = 0;
		};
/* End PBXSourcesBuildPhase section */

/* Begin PBXTargetDependency section */
		A0373CC7023F31ECC5C4177C /* PBXTargetDependency */ = {
			isa = PBXTargetDependency;
			target = 9331BB0492B401CDC8210612 /* ApexPromoter */;
			targetProxy = AF7539703293CA6D5DE94065 /* PBXContainerItemProxy */;
		};
		BD7D127E030DE9397BDDE704 /* PBXTargetDependency */ = {
			isa = PBXTargetDependency;
			target = 9331BB0492B401CDC8210612 /* ApexPromoter */;
			targetProxy = E0ABEBE986BA994658442132 /* PBXContainerItemProxy */;
		};
/* End PBXTargetDependency section */

/* Begin XCBuildConfiguration section */
		07FF0BF6F2988614BB0F039F /* Release */ = {
			isa = XCBuildConfiguration;
			buildSettings = {
				BUNDLE_LOADER = "$(TEST_HOST)";
				GENERATE_INFOPLIST_FILE = YES;
				LD_RUNPATH_SEARCH_PATHS = (
					"$(inherited)",
					"@executable_path/Frameworks",
					"@loader_path/Frameworks",
				);
				PRODUCT_BUNDLE_IDENTIFIER = com.kingtop.ApexPromoterTests;
				SDKROOT = iphoneos;
				TARGETED_DEVICE_FAMILY = "1,2";
				TEST_HOST = "$(BUILT_PRODUCTS_DIR)/ApexPromoter.app/ApexPromoter";
			};
			name = Release;
		};
		35D03F81CABF93E2C66C90AB /* Debug */ = {
			isa = XCBuildConfiguration;
			buildSettings = {
				ALWAYS_SEARCH_USER_PATHS = NO;
				CLANG_ANALYZER_NONNULL = YES;
				CLANG_ANALYZER_NUMBER_OBJECT_CONVERSION = YES_AGGRESSIVE;
				CLANG_CXX_LANGUAGE_STANDARD = "gnu++14";
				CLANG_CXX_LIBRARY = "libc++";
				CLANG_ENABLE_MODULES = YES;
				CLANG_ENABLE_OBJC_ARC = YES;
				CLANG_ENABLE_OBJC_WEAK = YES;
				CLANG_WARN_BLOCK_CAPTURE_AUTORELEASING = YES;
				CLANG_WARN_BOOL_CONVERSION = YES;
				CLANG_WARN_COMMA = YES;
				CLANG_WARN_CONSTANT_CONVERSION = YES;
				CLANG_WARN_DEPRECATED_OBJC_IMPLEMENTATIONS = YES;
				CLANG_WARN_DIRECT_OBJC_ISA_USAGE = YES_ERROR;
				CLANG_WARN_DOCUMENTATION_COMMENTS = YES;
				CLANG_WARN_EMPTY_BODY = YES;
				CLANG_WARN_ENUM_CONVERSION = YES;
				CLANG_WARN_INFINITE_RECURSION = YES;
				CLANG_WARN_INT_CONVERSION = YES;
				CLANG_WARN_NON_LITERAL_NULL_CONVERSION = YES;
				CLANG_WARN_OBJC_IMPLICIT_RETAIN_SELF = YES;
				CLANG_WARN_OBJC_LITERAL_CONVERSION = YES;
				CLANG_WARN_OBJC_ROOT_CLASS = YES_ERROR;
				CLANG_WARN_QUOTED_INCLUDE_IN_FRAMEWORK_HEADER = YES;
				CLANG_WARN_RANGE_LOOP_ANALYSIS = YES;
				CLANG_WARN_STRICT_PROTOTYPES = YES;
				CLANG_WARN_SUSPICIOUS_MOVE = YES;
				CLANG_WARN_UNGUARDED_AVAILABILITY = YES_AGGRESSIVE;
				CLANG_WARN_UNREACHABLE_CODE = YES;
				CLANG_WARN__DUPLICATE_METHOD_MATCH = YES;
				COPY_PHASE_STRIP = NO;
				DEBUG_INFORMATION_FORMAT = dwarf;
				ENABLE_STRICT_OBJC_MSGSEND = YES;
				ENABLE_TESTABILITY = YES;
				GCC_C_LANGUAGE_STANDARD = gnu11;
				GCC_DYNAMIC_NO_PIC = NO;
				GCC_NO_COMMON_BLOCKS = YES;
				GCC_OPTIMIZATION_LEVEL = 0;
				GCC_PREPROCESSOR_DEFINITIONS = (
					"$(inherited)",
					"DEBUG=1",
				);
				GCC_WARN_64_TO_32_BIT_CONVERSION = YES;
				GCC_WARN_ABOUT_RETURN_TYPE = YES_ERROR;
				GCC_WARN_UNDECLARED_SELECTOR = YES;
				GCC_WARN_UNINITIALIZED_AUTOS = YES_AGGRESSIVE;
				GCC_WARN_UNUSED_FUNCTION = YES;
				GCC_WARN_UNUSED_VARIABLE = YES;
				IPHONEOS_DEPLOYMENT_TARGET = 17.0;
				MTL_ENABLE_DEBUG_INFO = INCLUDE_SOURCE;
				MTL_FAST_MATH = YES;
				ONLY_ACTIVE_ARCH = YES;
				PRODUCT_NAME = "$(TARGET_NAME)";
				SDKROOT = iphoneos;
				SWIFT_ACTIVE_COMPILATION_CONDITIONS = DEBUG;
				SWIFT_OPTIMIZATION_LEVEL = "-Onone";
				SWIFT_VERSION = 5.0;
			};
			name = Debug;
		};
		405117C602F63A38B1F10400 /* Debug */ = {
			isa = XCBuildConfiguration;
			buildSettings = {
				BUNDLE_LOADER = "$(TEST_HOST)";
				GENERATE_INFOPLIST_FILE = YES;
				LD_RUNPATH_SEARCH_PATHS = (
					"$(inherited)",
					"@executable_path/Frameworks",
					"@loader_path/Frameworks",
				);
				PRODUCT_BUNDLE_IDENTIFIER = com.kingtop.ApexPromoterTests;
				SDKROOT = iphoneos;
				TARGETED_DEVICE_FAMILY = "1,2";
				TEST_HOST = "$(BUILT_PRODUCTS_DIR)/ApexPromoter.app/ApexPromoter";
			};
			name = Debug;
		};
		63168B297CEF5BC6CF9B50F1 /* Debug */ = {
			isa = XCBuildConfiguration;
			buildSettings = {
				BUNDLE_LOADER = "$(TEST_HOST)";
				GENERATE_INFOPLIST_FILE = YES;
				LD_RUNPATH_SEARCH_PATHS = (
					"$(inherited)",
					"@executable_path/Frameworks",
					"@loader_path/Frameworks",
				);
				PRODUCT_BUNDLE_IDENTIFIER = com.kingtop.ApexPromoterUITests;
				SDKROOT = iphoneos;
				TARGETED_DEVICE_FAMILY = "1,2";
				TEST_TARGET_NAME = ApexPromoter;
			};
			name = Debug;
		};
		6AF90FBEF3EF878A3600D079 /* Release */ = {
			isa = XCBuildConfiguration;
			buildSettings = {
				ASSETCATALOG_COMPILER_APPICON_NAME = AppIcon;
				CODE_SIGN_IDENTITY = "iPhone Developer";
				CURRENT_PROJECT_VERSION = 4;
				DEVELOPMENT_TEAM = Z7F8BY55DS;
				INFOPLIST_FILE = ApexPromoter/Info.plist;
				INFOPLIST_KEY_CFBundleDisplayName = "Apex 宣传台";
				INFOPLIST_KEY_CFBundleExecutable = "$(EXECUTABLE_NAME)";
				INFOPLIST_KEY_LSApplicationCategoryType = "public.app-category.business";
				INFOPLIST_KEY_UIApplicationSceneManifest_Generation = YES;
				LD_RUNPATH_SEARCH_PATHS = (
					"$(inherited)",
					"@executable_path/Frameworks",
				);
				MARKETING_VERSION = 1.0.0;
				PRODUCT_BUNDLE_IDENTIFIER = com.kingtop.apexpromoter;
				SDKROOT = iphoneos;
				SWIFT_VERSION = 5.9;
				TARGETED_DEVICE_FAMILY = "1,2";
			};
			name = Release;
		};
		A0D264ED203F3DF5076657ED /* Release */ = {
			isa = XCBuildConfiguration;
			buildSettings = {
				ALWAYS_SEARCH_USER_PATHS = NO;
				CLANG_ANALYZER_NONNULL = YES;
				CLANG_ANALYZER_NUMBER_OBJECT_CONVERSION = YES_AGGRESSIVE;
				CLANG_CXX_LANGUAGE_STANDARD = "gnu++14";
				CLANG_CXX_LIBRARY = "libc++";
				CLANG_ENABLE_MODULES = YES;
				CLANG_ENABLE_OBJC_ARC = YES;
				CLANG_ENABLE_OBJC_WEAK = YES;
				CLANG_WARN_BLOCK_CAPTURE_AUTORELEASING = YES;
				CLANG_WARN_BOOL_CONVERSION = YES;
				CLANG_WARN_COMMA = YES;
				CLANG_WARN_CONSTANT_CONVERSION = YES;
				CLANG_WARN_DEPRECATED_OBJC_IMPLEMENTATIONS = YES;
				CLANG_WARN_DIRECT_OBJC_ISA_USAGE = YES_ERROR;
				CLANG_WARN_DOCUMENTATION_COMMENTS = YES;
				CLANG_WARN_EMPTY_BODY = YES;
				CLANG_WARN_ENUM_CONVERSION = YES;
				CLANG_WARN_INFINITE_RECURSION = YES;
				CLANG_WARN_INT_CONVERSION = YES;
				CLANG_WARN_NON_LITERAL_NULL_CONVERSION = YES;
				CLANG_WARN_OBJC_IMPLICIT_RETAIN_SELF = YES;
				CLANG_WARN_OBJC_LITERAL_CONVERSION = YES;
				CLANG_WARN_OBJC_ROOT_CLASS = YES_ERROR;
				CLANG_WARN_QUOTED_INCLUDE_IN_FRAMEWORK_HEADER = YES;
				CLANG_WARN_RANGE_LOOP_ANALYSIS = YES;
				CLANG_WARN_STRICT_PROTOTYPES = YES;
				CLANG_WARN_SUSPICIOUS_MOVE = YES;
				CLANG_WARN_UNGUARDED_AVAILABILITY = YES_AGGRESSIVE;
				CLANG_WARN_UNREACHABLE_CODE = YES;
				CLANG_WARN__DUPLICATE_METHOD_MATCH = YES;
				COPY_PHASE_STRIP = NO;
				DEBUG_INFORMATION_FORMAT = "dwarf-with-dsym";
				ENABLE_NS_ASSERTIONS = NO;
				ENABLE_STRICT_OBJC_MSGSEND = YES;
				GCC_C_LANGUAGE_STANDARD = gnu11;
				GCC_NO_COMMON_BLOCKS = YES;
				GCC_WARN_64_TO_32_BIT_CONVERSION = YES;
				GCC_WARN_ABOUT_RETURN_TYPE = YES_ERROR;
				GCC_WARN_UNDECLARED_SELECTOR = YES;
				GCC_WARN_UNINITIALIZED_AUTOS = YES_AGGRESSIVE;
				GCC_WARN_UNUSED_FUNCTION = YES;
				GCC_WARN_UNUSED_VARIABLE = YES;
				IPHONEOS_DEPLOYMENT_TARGET = 17.0;
				MTL_ENABLE_DEBUG_INFO = NO;
				MTL_FAST_MATH = YES;
				PRODUCT_NAME = "$(TARGET_NAME)";
				SDKROOT = iphoneos;
				SWIFT_COMPILATION_MODE = wholemodule;
				SWIFT_OPTIMIZATION_LEVEL = "-O";
				SWIFT_VERSION = 5.0;
			};
			name = Release;
		};
		B61E3EC10B1E1ABA7C297B48 /* Debug */ = {
			isa = XCBuildConfiguration;
			buildSettings = {
				ASSETCATALOG_COMPILER_APPICON_NAME = AppIcon;
				CODE_SIGN_IDENTITY = "iPhone Developer";
				CURRENT_PROJECT_VERSION = 4;
				DEVELOPMENT_TEAM = Z7F8BY55DS;
				INFOPLIST_FILE = ApexPromoter/Info.plist;
				INFOPLIST_KEY_CFBundleDisplayName = "Apex 宣传台";
				INFOPLIST_KEY_CFBundleExecutable = "$(EXECUTABLE_NAME)";
				INFOPLIST_KEY_LSApplicationCategoryType = "public.app-category.business";
				INFOPLIST_KEY_UIApplicationSceneManifest_Generation = YES;
				LD_RUNPATH_SEARCH_PATHS = (
					"$(inherited)",
					"@executable_path/Frameworks",
				);
				MARKETING_VERSION = 1.0.0;
				PRODUCT_BUNDLE_IDENTIFIER = com.kingtop.apexpromoter;
				SDKROOT = iphoneos;
				SWIFT_VERSION = 5.9;
				TARGETED_DEVICE_FAMILY = "1,2";
			};
			name = Debug;
		};
		F2F56964F20963E7562B80A1 /* Release */ = {
			isa = XCBuildConfiguration;
			buildSettings = {
				BUNDLE_LOADER = "$(TEST_HOST)";
				GENERATE_INFOPLIST_FILE = YES;
				LD_RUNPATH_SEARCH_PATHS = (
					"$(inherited)",
					"@executable_path/Frameworks",
					"@loader_path/Frameworks",
				);
				PRODUCT_BUNDLE_IDENTIFIER = com.kingtop.ApexPromoterUITests;
				SDKROOT = iphoneos;
				TARGETED_DEVICE_FAMILY = "1,2";
				TEST_TARGET_NAME = ApexPromoter;
			};
			name = Release;
		};
/* End XCBuildConfiguration section */

/* Begin XCConfigurationList section */
		4C034478AE7A16FEBE0D99B6 /* Build configuration list for PBXNativeTarget "ApexPromoter" */ = {
			isa = XCConfigurationList;
			buildConfigurations = (
				B61E3EC10B1E1ABA7C297B48 /* Debug */,
				6AF90FBEF3EF878A3600D079 /* Release */,
			);
			defaultConfigurationIsVisible = 0;
			defaultConfigurationName = Debug;
		};
		A814827E2086A83AC604FA31 /* Build configuration list for PBXNativeTarget "ApexPromoterTests" */ = {
			isa = XCConfigurationList;
			buildConfigurations = (
				405117C602F63A38B1F10400 /* Debug */,
				07FF0BF6F2988614BB0F039F /* Release */,
			);
			defaultConfigurationIsVisible = 0;
			defaultConfigurationName = Debug;
		};
		D57CCB68402CAA5BD400CDC6 /* Build configuration list for PBXNativeTarget "ApexPromoterUITests" */ = {
			isa = XCConfigurationList;
			buildConfigurations = (
				63168B297CEF5BC6CF9B50F1 /* Debug */,
				F2F56964F20963E7562B80A1 /* Release */,
			);
			defaultConfigurationIsVisible = 0;
			defaultConfigurationName = Debug;
		};
		F61347A5C14FB01F47C5AA2F /* Build configuration list for PBXProject "ApexPromoter" */ = {
			isa = XCConfigurationList;
			buildConfigurations = (
				35D03F81CABF93E2C66C90AB /* Debug */,
				A0D264ED203F3DF5076657ED /* Release */,
			);
			defaultConfigurationIsVisible = 0;
			defaultConfigurationName = Debug;
		};
/* End XCConfigurationList section */
	};
	rootObject = 85455BFD4811D8E3D79673E0 /* Project object */;
}
